
Microsoft Visual Studio Solution File, Format Version 12.00
# Visual Studio 15
VisualStudioVersion = 15.0.26730.3
MinimumVisualStudioVersion = 10.0.40219.1
Project("{FAE04EC0-301F-11D3-BF4B-00C04F79EFBC}") = "Cop18_BienToanCucVaBienCucBo", "Cop18_BienToanCucVaBienCucBo\Cop18_BienToanCucVaBienCucBo.csproj", "{E571C5DC-CB79-4C32-83FC-D7369B97C6B2}"
EndProject
Global
	GlobalSection(SolutionConfigurationPlatforms) = preSolution
		Debug|Any CPU = Debug|Any CPU
		Release|Any CPU = Release|Any CPU
	EndGlobalSection
	GlobalSection(ProjectConfigurationPlatforms) = postSolution
		{E571C5DC-CB79-4C32-83FC-D7369B97C6B2}.Debug|Any CPU.ActiveCfg = Debug|Any CPU
		{E571C5DC-CB79-4C32-83FC-D7369B97C6B2}.Debug|Any CPU.Build.0 = Debug|Any CPU
		{E571C5DC-CB79-4C32-83FC-D7369B97C6B2}.Release|Any CPU.ActiveCfg = Release|Any CPU
		{E571C5DC-CB79-4C32-83FC-D7369B97C6B2}.Release|Any CPU.Build.0 = Release|Any CPU
	EndGlobalSection
	GlobalSection(SolutionProperties) = preSolution
		HideSolutionNode = FALSE
	EndGlobalSection
	GlobalSection(ExtensibilityGlobals) = postSolution
		SolutionGuid = {98D5CD4A-E05D-46F3-9E7F-B79D5732867B}
	EndGlobalSection
EndGlobal
