
Microsoft Visual Studio Solution File, Format Version 12.00
# Visual Studio 15
VisualStudioVersion = 15.0.26730.3
MinimumVisualStudioVersion = 10.0.40219.1
Project("{FAE04EC0-301F-11D3-BF4B-00C04F79EFBC}") = "Cop17_CauTrucCuaHam", "Cop17_CauTrucCuaHam\Cop17_CauTrucCuaHam.csproj", "{2E2260D2-75D0-4537-80D6-13E10D201466}"
EndProject
Global
	GlobalSection(SolutionConfigurationPlatforms) = preSolution
		Debug|Any CPU = Debug|Any CPU
		Release|Any CPU = Release|Any CPU
	EndGlobalSection
	GlobalSection(ProjectConfigurationPlatforms) = postSolution
		{2E2260D2-75D0-4537-80D6-13E10D201466}.Debug|Any CPU.ActiveCfg = Debug|Any CPU
		{2E2260D2-75D0-4537-80D6-13E10D201466}.Debug|Any CPU.Build.0 = Debug|Any CPU
		{2E2260D2-75D0-4537-80D6-13E10D201466}.Release|Any CPU.ActiveCfg = Release|Any CPU
		{2E2260D2-75D0-4537-80D6-13E10D201466}.Release|Any CPU.Build.0 = Release|Any CPU
	EndGlobalSection
	GlobalSection(SolutionProperties) = preSolution
		HideSolutionNode = FALSE
	EndGlobalSection
	GlobalSection(ExtensibilityGlobals) = postSolution
		SolutionGuid = {57E278B5-8D98-4224-B560-3EB071234BBD}
	EndGlobalSection
EndGlobal
