
Microsoft Visual Studio Solution File, Format Version 12.00
# Visual Studio 15
VisualStudioVersion = 15.0.26730.3
MinimumVisualStudioVersion = 10.0.40219.1
Project("{FAE04EC0-301F-11D3-BF4B-00C04F79EFBC}") = "Cop22_MangHaiChieu", "Cop22_MangHaiChieu\Cop22_MangHaiChieu.csproj", "{3B5EBFB9-6C26-4C2D-BE2D-38F7137AAF00}"
EndProject
Global
	GlobalSection(SolutionConfigurationPlatforms) = preSolution
		Debug|Any CPU = Debug|Any CPU
		Release|Any CPU = Release|Any CPU
	EndGlobalSection
	GlobalSection(ProjectConfigurationPlatforms) = postSolution
		{3B5EBFB9-6C26-4C2D-BE2D-38F7137AAF00}.Debug|Any CPU.ActiveCfg = Debug|Any CPU
		{3B5EBFB9-6C26-4C2D-BE2D-38F7137AAF00}.Debug|Any CPU.Build.0 = Debug|Any CPU
		{3B5EBFB9-6C26-4C2D-BE2D-38F7137AAF00}.Release|Any CPU.ActiveCfg = Release|Any CPU
		{3B5EBFB9-6C26-4C2D-BE2D-38F7137AAF00}.Release|Any CPU.Build.0 = Release|Any CPU
	EndGlobalSection
	GlobalSection(SolutionProperties) = preSolution
		HideSolutionNode = FALSE
	EndGlobalSection
	GlobalSection(ExtensibilityGlobals) = postSolution
		SolutionGuid = {B6C37082-EE41-4025-B483-2CAAB76B7081}
	EndGlobalSection
EndGlobal
