
Microsoft Visual Studio Solution File, Format Version 12.00
# Visual Studio 15
VisualStudioVersion = 15.0.26730.3
MinimumVisualStudioVersion = 10.0.40219.1
Project("{FAE04EC0-301F-11D3-BF4B-00C04F79EFBC}") = "Cop39_Static5", "Cop39_Static5\Cop39_Static5.csproj", "{68AB6062-F29B-47AE-B9B5-32D69F1D9A93}"
EndProject
Global
	GlobalSection(SolutionConfigurationPlatforms) = preSolution
		Debug|Any CPU = Debug|Any CPU
		Release|Any CPU = Release|Any CPU
	EndGlobalSection
	GlobalSection(ProjectConfigurationPlatforms) = postSolution
		{68AB6062-F29B-47AE-B9B5-32D69F1D9A93}.Debug|Any CPU.ActiveCfg = Debug|Any CPU
		{68AB6062-F29B-47AE-B9B5-32D69F1D9A93}.Debug|Any CPU.Build.0 = Debug|Any CPU
		{68AB6062-F29B-47AE-B9B5-32D69F1D9A93}.Release|Any CPU.ActiveCfg = Release|Any CPU
		{68AB6062-F29B-47AE-B9B5-32D69F1D9A93}.Release|Any CPU.Build.0 = Release|Any CPU
	EndGlobalSection
	GlobalSection(SolutionProperties) = preSolution
		HideSolutionNode = FALSE
	EndGlobalSection
	GlobalSection(ExtensibilityGlobals) = postSolution
		SolutionGuid = {7D8B9DA1-E675-44A7-AC03-75B9D0CD7BC3}
	EndGlobalSection
EndGlobal
