
Microsoft Visual Studio Solution File, Format Version 12.00
# Visual Studio 15
VisualStudioVersion = 15.0.26730.3
MinimumVisualStudioVersion = 10.0.40219.1
Project("{FAE04EC0-301F-11D3-BF4B-00C04F79EFBC}") = "Cop49_ArrayListOfMethods", "Cop49_ArrayListOfMethods\Cop49_ArrayListOfMethods.csproj", "{592552D8-E69E-402C-BF06-3B45126824CD}"
EndProject
Global
	GlobalSection(SolutionConfigurationPlatforms) = preSolution
		Debug|Any CPU = Debug|Any CPU
		Release|Any CPU = Release|Any CPU
	EndGlobalSection
	GlobalSection(ProjectConfigurationPlatforms) = postSolution
		{592552D8-E69E-402C-BF06-3B45126824CD}.Debug|Any CPU.ActiveCfg = Debug|Any CPU
		{592552D8-E69E-402C-BF06-3B45126824CD}.Debug|Any CPU.Build.0 = Debug|Any CPU
		{592552D8-E69E-402C-BF06-3B45126824CD}.Release|Any CPU.ActiveCfg = Release|Any CPU
		{592552D8-E69E-402C-BF06-3B45126824CD}.Release|Any CPU.Build.0 = Release|Any CPU
	EndGlobalSection
	GlobalSection(SolutionProperties) = preSolution
		HideSolutionNode = FALSE
	EndGlobalSection
	GlobalSection(ExtensibilityGlobals) = postSolution
		SolutionGuid = {0B0C0B82-4EB5-4F13-891C-704158F2BB8C}
	EndGlobalSection
EndGlobal
