
Microsoft Visual Studio Solution File, Format Version 12.00
# Visual Studio 15
VisualStudioVersion = 15.0.26730.3
MinimumVisualStudioVersion = 10.0.40219.1
Project("{FAE04EC0-301F-11D3-BF4B-00C04F79EFBC}") = "Cop17_DoWhile", "Cop17_DoWhile\Cop17_DoWhile.csproj", "{B82A15A0-AF15-4E0B-BB4E-D4D6025C57A6}"
EndProject
Global
	GlobalSection(SolutionConfigurationPlatforms) = preSolution
		Debug|Any CPU = Debug|Any CPU
		Release|Any CPU = Release|Any CPU
	EndGlobalSection
	GlobalSection(ProjectConfigurationPlatforms) = postSolution
		{B82A15A0-AF15-4E0B-BB4E-D4D6025C57A6}.Debug|Any CPU.ActiveCfg = Debug|Any CPU
		{B82A15A0-AF15-4E0B-BB4E-D4D6025C57A6}.Debug|Any CPU.Build.0 = Debug|Any CPU
		{B82A15A0-AF15-4E0B-BB4E-D4D6025C57A6}.Release|Any CPU.ActiveCfg = Release|Any CPU
		{B82A15A0-AF15-4E0B-BB4E-D4D6025C57A6}.Release|Any CPU.Build.0 = Release|Any CPU
	EndGlobalSection
	GlobalSection(SolutionProperties) = preSolution
		HideSolutionNode = FALSE
	EndGlobalSection
	GlobalSection(ExtensibilityGlobals) = postSolution
		SolutionGuid = {F212F9BC-5FA0-4C14-ACCF-6C021C58118C}
	EndGlobalSection
EndGlobal
