
Microsoft Visual Studio Solution File, Format Version 12.00
# Visual Studio 15
VisualStudioVersion = 15.0.26730.3
MinimumVisualStudioVersion = 10.0.40219.1
Project("{FAE04EC0-301F-11D3-BF4B-00C04F79EFBC}") = "Cop8_CauLenhIFELSE", "Cop8_CauLenhIFELSE\Cop8_CauLenhIFELSE.csproj", "{793D2E87-A673-408B-8D94-170DBB081B9A}"
EndProject
Global
	GlobalSection(SolutionConfigurationPlatforms) = preSolution
		Debug|Any CPU = Debug|Any CPU
		Release|Any CPU = Release|Any CPU
	EndGlobalSection
	GlobalSection(ProjectConfigurationPlatforms) = postSolution
		{793D2E87-A673-408B-8D94-170DBB081B9A}.Debug|Any CPU.ActiveCfg = Debug|Any CPU
		{793D2E87-A673-408B-8D94-170DBB081B9A}.Debug|Any CPU.Build.0 = Debug|Any CPU
		{793D2E87-A673-408B-8D94-170DBB081B9A}.Release|Any CPU.ActiveCfg = Release|Any CPU
		{793D2E87-A673-408B-8D94-170DBB081B9A}.Release|Any CPU.Build.0 = Release|Any CPU
	EndGlobalSection
	GlobalSection(SolutionProperties) = preSolution
		HideSolutionNode = FALSE
	EndGlobalSection
	GlobalSection(ExtensibilityGlobals) = postSolution
		SolutionGuid = {D96522F9-B9F2-43F6-B632-630E7AABB975}
	EndGlobalSection
EndGlobal
